// !$*UTF8*$!
{
	archiveVersion = 1;
	classes = {
	};
	objectVersion = 46;
	objects = {

/* Begin PBXBuildFile section */
		A9F7B44C1CB4E41B0096F79C /* main.m in Sources */ = {isa = PBXBuildFile; fileRef = A9F7B44B1CB4E41B0096F79C /* main.m */; };
		A9F7B44F1CB4E41B0096F79C /* AppDelegate.m in Sources */ = {isa = PBXBuildFile; fileRef = A9F7B44E1CB4E41B0096F79C /* AppDelegate.m */; };
		A9F7B4521CB4E41B0096F79C /* ViewController.m in Sources */ = {isa = PBXBuildFile; fileRef = A9F7B4511CB4E41B0096F79C /* ViewController.m */; };
		A9F7B4551CB4E41B0096F79C /* Main.storyboard in Resources */ = {isa = PBXBuildFile; fileRef = A9F7B4531CB4E41B0096F79C /* Main.storyboard */; };
		A9F7B4571CB4E41B0096F79C /* Assets.xcassets in Resources */ = {isa = PBXBuildFile; fileRef = A9F7B4561CB4E41B0096F79C /* Assets.xcassets */; };
		A9F7B45A1CB4E41B0096F79C /* LaunchScreen.storyboard in Resources */ = {isa = PBXBuildFile; fileRef = A9F7B4581CB4E41B0096F79C /* LaunchScreen.storyboard */; };
		A9F7B4651CB4E41B0096F79C /* SingletonPatternTests.m in Sources */ = {isa = PBXBuildFile; fileRef = A9F7B4641CB4E41B0096F79C /* SingletonPatternTests.m */; };
		A9F7B4701CB4E41B0096F79C /* SingletonPatternUITests.m in Sources */ = {isa = PBXBuildFile; fileRef = A9F7B46F1CB4E41B0096F79C /* SingletonPatternUITests.m */; };
/* End PBXBuildFile section */

/* Begin PBXContainerItemProxy section */
		A9F7B4611CB4E41B0096F79C /* PBXContainerItemProxy */ = {
			isa = PBXContainerItemProxy;
			containerPortal = A9F7B43F1CB4E41A0096F79C /* Project object */;
			proxyType = 1;
			remoteGlobalIDString = A9F7B4461CB4E41A0096F79C;
			remoteInfo = SingletonPattern;
		};
		A9F7B46C1CB4E41B0096F79C /* PBXContainerItemProxy */ = {
			isa = PBXContainerItemProxy;
			containerPortal = A9F7B43F1CB4E41A0096F79C /* Project object */;
			proxyType = 1;
			remoteGlobalIDString = A9F7B4461CB4E41A0096F79C;
			remoteInfo = SingletonPattern;
		};
/* End PBXContainerItemProxy section */

/* Begin PBXFileReference section */
		A9F7B4471CB4E41A0096F79C /* SingletonPattern.app */ = {isa = PBXFileReference; explicitFileType = wrapper.application; includeInIndex = 0; path = SingletonPattern.app; sourceTree = BUILT_PRODUCTS_DIR; };
		A9F7B44B1CB4E41B0096F79C /* main.m */ = {isa = PBXFileReference; lastKnownFileType = sourcecode.c.objc; path = main.m; sourceTree = "<group>"; };
		A9F7B44D1CB4E41B0096F79C /* AppDelegate.h */ = {isa = PBXFileReference; lastKnownFileType = sourcecode.c.h; path = AppDelegate.h; sourceTree = "<group>"; };
		A9F7B44E1CB4E41B0096F79C /* AppDelegate.m */ = {isa = PBXFileReference; lastKnownFileType = sourcecode.c.objc; path = AppDelegate.m; sourceTree = "<group>"; };
		A9F7B4501CB4E41B0096F79C /* ViewController.h */ = {isa = PBXFileReference; lastKnownFileType = sourcecode.c.h; path = ViewController.h; sourceTree = "<group>"; };
		A9F7B4511CB4E41B0096F79C /* ViewController.m */ = {isa = PBXFileReference; lastKnownFileType = sourcecode.c.objc; path = ViewController.m; sourceTree = "<group>"; };
		A9F7B4541CB4E41B0096F79C /* Base */ = {isa = PBXFileReference; lastKnownFileType = file.storyboard; name = Base; path = Base.lproj/Main.storyboard; sourceTree = "<group>"; };
		A9F7B4561CB4E41B0096F79C /* Assets.xcassets */ = {isa = PBXFileReference; lastKnownFileType = folder.assetcatalog; path = Assets.xcassets; sourceTree = "<group>"; };
		A9F7B4591CB4E41B0096F79C /* Base */ = {isa = PBXFileReference; lastKnownFileType = file.storyboard; name = Base; path = Base.lproj/LaunchScreen.storyboard; sourceTree = "<group>"; };
		A9F7B45B1CB4E41B0096F79C /* Info.plist */ = {isa = PBXFileReference; lastKnownFileType = text.plist.xml; path = Info.plist; sourceTree = "<group>"; };
		A9F7B4601CB4E41B0096F79C /* SingletonPatternTests.xctest */ = {isa = PBXFileReference; explicitFileType = wrapper.cfbundle; includeInIndex = 0; path = SingletonPatternTests.xctest; sourceTree = BUILT_PRODUCTS_DIR; };
		A9F7B4641CB4E41B0096F79C /* SingletonPatternTests.m */ = {isa = PBXFileReference; lastKnownFileType = sourcecode.c.objc; path = SingletonPatternTests.m; sourceTree = "<group>"; };
		A9F7B4661CB4E41B0096F79C /* Info.plist */ = {isa = PBXFileReference; lastKnownFileType = text.plist.xml; path = Info.plist; sourceTree = "<group>"; };
		A9F7B46B1CB4E41B0096F79C /* SingletonPatternUITests.xctest */ = {isa = PBXFileReference; explicitFileType = wrapper.cfbundle; includeInIndex = 0; path = SingletonPatternUITests.xctest; sourceTree = BUILT_PRODUCTS_DIR; };
		A9F7B46F1CB4E41B0096F79C /* SingletonPatternUITests.m */ = {isa = PBXFileReference; lastKnownFileType = sourcecode.c.objc; path = SingletonPatternUITests.m; sourceTree = "<group>"; };
		A9F7B4711CB4E41B0096F79C /* Info.plist */ = {isa = PBXFileReference; lastKnownFileType = text.plist.xml; path = Info.plist; sourceTree = "<group>"; };
/* End PBXFileReference section */

/* Begin PBXFrameworksBuildPhase section */
		A9F7B4441CB4E41A0096F79C /* Frameworks */ = {
			isa = PBXFrameworksBuildPhase;
			buildActionMask = 2147483647;
			files = (
			);
			runOnlyForDeploymentPostprocessing = 0;
		};
		A9F7B45D1CB4E41B0096F79C /* Frameworks */ = {
			isa = PBXFrameworksBuildPhase;
			buildActionMask = 2147483647;
			files = (
			);
			runOnlyForDeploymentPostprocessing = 0;
		};
		A9F7B4681CB4E41B0096F79C /* Frameworks */ = {
			isa = PBXFrameworksBuildPhase;
			buildActionMask = 2147483647;
			files = (
			);
			runOnlyForDeploymentPostprocessing = 0;
		};
/* End PBXFrameworksBuildPhase section */

/* Begin PBXGroup section */
		A9F7B43E1CB4E41A0096F79C = {
			isa = PBXGroup;
			children = (
				A9F7B4491CB4E41B0096F79C /* SingletonPattern */,
				A9F7B4631CB4E41B0096F79C /* SingletonPatternTests */,
				A9F7B46E1CB4E41B0096F79C /* SingletonPatternUITests */,
				A9F7B4481CB4E41A0096F79C /* Products */,
			);
			sourceTree = "<group>";
		};
		A9F7B4481CB4E41A0096F79C /* Products */ = {
			isa = PBXGroup;
			children = (
				A9F7B4471CB4E41A0096F79C /* SingletonPattern.app */,
				A9F7B4601CB4E41B0096F79C /* SingletonPatternTests.xctest */,
				A9F7B46B1CB4E41B0096F79C /* SingletonPatternUITests.xctest */,
			);
			name = Products;
			sourceTree = "<group>";
		};
		A9F7B4491CB4E41B0096F79C /* SingletonPattern */ = {
			isa = PBXGroup;
			children = (
				A9F7B44D1CB4E41B0096F79C /* AppDelegate.h */,
				A9F7B44E1CB4E41B0096F79C /* AppDelegate.m */,
				A9F7B4501CB4E41B0096F79C /* ViewController.h */,
				A9F7B4511CB4E41B0096F79C /* ViewController.m */,
				A9F7B4531CB4E41B0096F79C /* Main.storyboard */,
				A9F7B4561CB4E41B0096F79C /* Assets.xcassets */,
				A9F7B4581CB4E41B0096F79C /* LaunchScreen.storyboard */,
				A9F7B45B1CB4E41B0096F79C /* Info.plist */,
				A9F7B44A1CB4E41B0096F79C /* Supporting Files */,
			);
			path = SingletonPattern;
			sourceTree = "<group>";
		};
		A9F7B44A1CB4E41B0096F79C /* Supporting Files */ = {
			isa = PBXGroup;
			children = (
				A9F7B44B1CB4E41B0096F79C /* main.m */,
			);
			name = "Supporting Files";
			sourceTree = "<group>";
		};
		A9F7B4631CB4E41B0096F79C /* SingletonPatternTests */ = {
			isa = PBXGroup;
			children = (
				A9F7B4641CB4E41B0096F79C /* SingletonPatternTests.m */,
				A9F7B4661CB4E41B0096F79C /* Info.plist */,
			);
			path = SingletonPatternTests;
			sourceTree = "<group>";
		};
		A9F7B46E1CB4E41B0096F79C /* SingletonPatternUITests */ = {
			isa = PBXGroup;
			children = (
				A9F7B46F1CB4E41B0096F79C /* SingletonPatternUITests.m */,
				A9F7B4711CB4E41B0096F79C /* Info.plist */,
			);
			path = SingletonPatternUITests;
			sourceTree = "<group>";
		};
/* End PBXGroup section */

/* Begin PBXNativeTarget section */
		A9F7B4461CB4E41A0096F79C /* SingletonPattern */ = {
			isa = PBXNativeTarget;
			buildConfigurationList = A9F7B4741CB4E41B0096F79C /* Build configuration list for PBXNativeTarget "SingletonPattern" */;
			buildPhases = (
				A9F7B4431CB4E41A0096F79C /* Sources */,
				A9F7B4441CB4E41A0096F79C /* Frameworks */,
				A9F7B4451CB4E41A0096F79C /* Resources */,
			);
			buildRules = (
			);
			dependencies = (
			);
			name = SingletonPattern;
			productName = SingletonPattern;
			productReference = A9F7B4471CB4E41A0096F79C /* SingletonPattern.app */;
			productType = "com.apple.product-type.application";
		};
		A9F7B45F1CB4E41B0096F79C /* SingletonPatternTests */ = {
			isa = PBXNativeTarget;
			buildConfigurationList = A9F7B4771CB4E41B0096F79C /* Build configuration list for PBXNativeTarget "SingletonPatternTests" */;
			buildPhases = (
				A9F7B45C1CB4E41B0096F79C /* Sources */,
				A9F7B45D1CB4E41B0096F79C /* Frameworks */,
				A9F7B45E1CB4E41B0096F79C /* Resources */,
			);
			buildRules = (
			);
			dependencies = (
				A9F7B4621CB4E41B0096F79C /* PBXTargetDependency */,
			);
			name = SingletonPatternTests;
			productName = SingletonPatternTests;
			productReference = A9F7B4601CB4E41B0096F79C /* SingletonPatternTests.xctest */;
			productType = "com.apple.product-type.bundle.unit-test";
		};
		A9F7B46A1CB4E41B0096F79C /* SingletonPatternUITests */ = {
			isa = PBXNativeTarget;
			buildConfigurationList = A9F7B47A1CB4E41B0096F79C /* Build configuration list for PBXNativeTarget "SingletonPatternUITests" */;
			buildPhases = (
				A9F7B4671CB4E41B0096F79C /* Sources */,
				A9F7B4681CB4E41B0096F79C /* Frameworks */,
				A9F7B4691CB4E41B0096F79C /* Resources */,
			);
			buildRules = (
			);
			dependencies = (
				A9F7B46D1CB4E41B0096F79C /* PBXTargetDependency */,
			);
			name = SingletonPatternUITests;
			productName = SingletonPatternUITests;
			productReference = A9F7B46B1CB4E41B0096F79C /* SingletonPatternUITests.xctest */;
			productType = "com.apple.product-type.bundle.ui-testing";
		};
/* End PBXNativeTarget section */

/* Begin PBXProject section */
		A9F7B43F1CB4E41A0096F79C /* Project object */ = {
			isa = PBXProject;
			attributes = {
				LastUpgradeCheck = 0730;
				ORGANIZATIONNAME = Wieye;
				TargetAttributes = {
					A9F7B4461CB4E41A0096F79C = {
						CreatedOnToolsVersion = 7.3;
					};
					A9F7B45F1CB4E41B0096F79C = {
						CreatedOnToolsVersion = 7.3;
						TestTargetID = A9F7B4461CB4E41A0096F79C;
					};
					A9F7B46A1CB4E41B0096F79C = {
						CreatedOnToolsVersion = 7.3;
						TestTargetID = A9F7B4461CB4E41A0096F79C;
					};
				};
			};
			buildConfigurationList = A9F7B4421CB4E41A0096F79C /* Build configuration list for PBXProject "SingletonPattern" */;
			compatibilityVersion = "Xcode 3.2";
			developmentRegion = English;
			hasScannedForEncodings = 0;
			knownRegions = (
				en,
				Base,
			);
			mainGroup = A9F7B43E1CB4E41A0096F79C;
			productRefGroup = A9F7B4481CB4E41A0096F79C /* Products */;
			projectDirPath = "";
			projectRoot = "";
			targets = (
				A9F7B4461CB4E41A0096F79C /* SingletonPattern */,
				A9F7B45F1CB4E41B0096F79C /* SingletonPatternTests */,
				A9F7B46A1CB4E41B0096F79C /* SingletonPatternUITests */,
			);
		};
/* End PBXProject section */

/* Begin PBXResourcesBuildPhase section */
		A9F7B4451CB4E41A0096F79C /* Resources */ = {
			isa = PBXResourcesBuildPhase;
			buildActionMask = 2147483647;
			files = (
				A9F7B45A1CB4E41B0096F79C /* LaunchScreen.storyboard in Resources */,
				A9F7B4571CB4E41B0096F79C /* Assets.xcassets in Resources */,
				A9F7B4551CB4E41B0096F79C /* Main.storyboard in Resources */,
			);
			runOnlyForDeploymentPostprocessing = 0;
		};
		A9F7B45E1CB4E41B0096F79C /* Resources */ = {
			isa = PBXResourcesBuildPhase;
			buildActionMask = 2147483647;
			files = (
			);
			runOnlyForDeploymentPostprocessing = 0;
		};
		A9F7B4691CB4E41B0096F79C /* Resources */ = {
			isa = PBXResourcesBuildPhase;
			buildActionMask = 2147483647;
			files = (
			);
			runOnlyForDeploymentPostprocessing = 0;
		};
/* End PBXResourcesBuildPhase section */

/* Begin PBXSourcesBuildPhase section */
		A9F7B4431CB4E41A0096F79C /* Sources */ = {
			isa = PBXSourcesBuildPhase;
			buildActionMask = 2147483647;
			files = (
				A9F7B4521CB4E41B0096F79C /* ViewController.m in Sources */,
				A9F7B44F1CB4E41B0096F79C /* AppDelegate.m in Sources */,
				A9F7B44C1CB4E41B0096F79C /* main.m in Sources */,
			);
			runOnlyForDeploymentPostprocessing = 0;
		};
		A9F7B45C1CB4E41B0096F79C /* Sources */ = {
			isa = PBXSourcesBuildPhase;
			buildActionMask = 2147483647;
			files = (
				A9F7B4651CB4E41B0096F79C /* SingletonPatternTests.m in Sources */,
			);
			runOnlyForDeploymentPostprocessing = 0;
		};
		A9F7B4671CB4E41B0096F79C /* Sources */ = {
			isa = PBXSourcesBuildPhase;
			buildActionMask = 2147483647;
			files = (
				A9F7B4701CB4E41B0096F79C /* SingletonPatternUITests.m in Sources */,
			);
			runOnlyForDeploymentPostprocessing = 0;
		};
/* End PBXSourcesBuildPhase section */

/* Begin PBXTargetDependency section */
		A9F7B4621CB4E41B0096F79C /* PBXTargetDependency */ = {
			isa = PBXTargetDependency;
			target = A9F7B4461CB4E41A0096F79C /* SingletonPattern */;
			targetProxy = A9F7B4611CB4E41B0096F79C /* PBXContainerItemProxy */;
		};
		A9F7B46D1CB4E41B0096F79C /* PBXTargetDependency */ = {
			isa = PBXTargetDependency;
			target = A9F7B4461CB4E41A0096F79C /* SingletonPattern */;
			targetProxy = A9F7B46C1CB4E41B0096F79C /* PBXContainerItemProxy */;
		};
/* End PBXTargetDependency section */

/* Begin PBXVariantGroup section */
		A9F7B4531CB4E41B0096F79C /* Main.storyboard */ = {
			isa = PBXVariantGroup;
			children = (
				A9F7B4541CB4E41B0096F79C /* Base */,
			);
			name = Main.storyboard;
			sourceTree = "<group>";
		};
		A9F7B4581CB4E41B0096F79C /* LaunchScreen.storyboard */ = {
			isa = PBXVariantGroup;
			children = (
				A9F7B4591CB4E41B0096F79C /* Base */,
			);
			name = LaunchScreen.storyboard;
			sourceTree = "<group>";
		};
/* End PBXVariantGroup section */

/* Begin XCBuildConfiguration section */
		A9F7B4721CB4E41B0096F79C /* Debug */ = {
			isa = XCBuildConfiguration;
			buildSettings = {
				ALWAYS_SEARCH_USER_PATHS = NO;
				CLANG_ANALYZER_NONNULL = YES;
				CLANG_CXX_LANGUAGE_STANDARD = "gnu++0x";
				CLANG_CXX_LIBRARY = "libc++";
				CLANG_ENABLE_MODULES = YES;
				CLANG_ENABLE_OBJC_ARC = YES;
				CLANG_WARN_BOOL_CONVERSION = YES;
				CLANG_WARN_CONSTANT_CONVERSION = YES;
				CLANG_WARN_DIRECT_OBJC_ISA_USAGE = YES_ERROR;
				CLANG_WARN_EMPTY_BODY = YES;
				CLANG_WARN_ENUM_CONVERSION = YES;
				CLANG_WARN_INT_CONVERSION = YES;
				CLANG_WARN_OBJC_ROOT_CLASS = YES_ERROR;
				CLANG_WARN_UNREACHABLE_CODE = YES;
				CLANG_WARN__DUPLICATE_METHOD_MATCH = YES;
				"CODE_SIGN_IDENTITY[sdk=iphoneos*]" = "iPhone Developer";
				COPY_PHASE_STRIP = NO;
				DEBUG_INFORMATION_FORMAT = dwarf;
				ENABLE_STRICT_OBJC_MSGSEND = YES;
				ENABLE_TESTABILITY = YES;
				GCC_C_LANGUAGE_STANDARD = gnu99;
				GCC_DYNAMIC_NO_PIC = NO;
				GCC_NO_COMMON_BLOCKS = YES;
				GCC_OPTIMIZATION_LEVEL = 0;
				GCC_PREPROCESSOR_DEFINITIONS = (
					"DEBUG=1",
					"$(inherited)",
				);
				GCC_WARN_64_TO_32_BIT_CONVERSION = YES;
				GCC_WARN_ABOUT_RETURN_TYPE = YES_ERROR;
				GCC_WARN_UNDECLARED_SELECTOR = YES;
				GCC_WARN_UNINITIALIZED_AUTOS = YES_AGGRESSIVE;
				GCC_WARN_UNUSED_FUNCTION = YES;
				GCC_WARN_UNUSED_VARIABLE = YES;
				IPHONEOS_DEPLOYMENT_TARGET = 9.3;
				MTL_ENABLE_DEBUG_INFO = YES;
				ONLY_ACTIVE_ARCH = YES;
				SDKROOT = iphoneos;
			};
			name = Debug;
		};
		A9F7B4731CB4E41B0096F79C /* Release */ = {
			isa = XCBuildConfiguration;
			buildSettings = {
				ALWAYS_SEARCH_USER_PATHS = NO;
				CLANG_ANALYZER_NONNULL = YES;
				CLANG_CXX_LANGUAGE_STANDARD = "gnu++0x";
				CLANG_CXX_LIBRARY = "libc++";
				CLANG_ENABLE_MODULES = YES;
				CLANG_ENABLE_OBJC_ARC = YES;
				CLANG_WARN_BOOL_CONVERSION = YES;
				CLANG_WARN_CONSTANT_CONVERSION = YES;
				CLANG_WARN_DIRECT_OBJC_ISA_USAGE = YES_ERROR;
				CLANG_WARN_EMPTY_BODY = YES;
				CLANG_WARN_ENUM_CONVERSION = YES;
				CLANG_WARN_INT_CONVERSION = YES;
				CLANG_WARN_OBJC_ROOT_CLASS = YES_ERROR;
				CLANG_WARN_UNREACHABLE_CODE = YES;
				CLANG_WARN__DUPLICATE_METHOD_MATCH = YES;
				"CODE_SIGN_IDENTITY[sdk=iphoneos*]" = "iPhone Developer";
				COPY_PHASE_STRIP = NO;
				DEBUG_INFORMATION_FORMAT = "dwarf-with-dsym";
				ENABLE_NS_ASSERTIONS = NO;
				ENABLE_STRICT_OBJC_MSGSEND = YES;
				GCC_C_LANGUAGE_STANDARD = gnu99;
				GCC_NO_COMMON_BLOCKS = YES;
				GCC_WARN_64_TO_32_BIT_CONVERSION = YES;
				GCC_WARN_ABOUT_RETURN_TYPE = YES_ERROR;
				GCC_WARN_UNDECLARED_SELECTOR = YES;
				GCC_WARN_UNINITIALIZED_AUTOS = YES_AGGRESSIVE;
				GCC_WARN_UNUSED_FUNCTION = YES;
				GCC_WARN_UNUSED_VARIABLE = YES;
				IPHONEOS_DEPLOYMENT_TARGET = 9.3;
				MTL_ENABLE_DEBUG_INFO = NO;
				SDKROOT = iphoneos;
				VALIDATE_PRODUCT = YES;
			};
			name = Release;
		};
		A9F7B4751CB4E41B0096F79C /* Debug */ = {
			isa = XCBuildConfiguration;
			buildSettings = {
				ASSETCATALOG_COMPILER_APPICON_NAME = AppIcon;
				INFOPLIST_FILE = SingletonPattern/Info.plist;
				LD_RUNPATH_SEARCH_PATHS = "$(inherited) @executable_path/Frameworks";
				PRODUCT_BUNDLE_IDENTIFIER = com.Wieye.SingletonPattern;
				PRODUCT_NAME = "$(TARGET_NAME)";
			};
			name = Debug;
		};
		A9F7B4761CB4E41B0096F79C /* Release */ = {
			isa = XCBuildConfiguration;
			buildSettings = {
				ASSETCATALOG_COMPILER_APPICON_NAME = AppIcon;
				INFOPLIST_FILE = SingletonPattern/Info.plist;
				LD_RUNPATH_SEARCH_PATHS = "$(inherited) @executable_path/Frameworks";
				PRODUCT_BUNDLE_IDENTIFIER = com.Wieye.SingletonPattern;
				PRODUCT_NAME = "$(TARGET_NAME)";
			};
			name = Release;
		};
		A9F7B4781CB4E41B0096F79C /* Debug */ = {
			isa = XCBuildConfiguration;
			buildSettings = {
				BUNDLE_LOADER = "$(TEST_HOST)";
				INFOPLIST_FILE = SingletonPatternTests/Info.plist;
				LD_RUNPATH_SEARCH_PATHS = "$(inherited) @executable_path/Frameworks @loader_path/Frameworks";
				PRODUCT_BUNDLE_IDENTIFIER = com.Wieye.SingletonPatternTests;
				PRODUCT_NAME = "$(TARGET_NAME)";
				TEST_HOST = "$(BUILT_PRODUCTS_DIR)/SingletonPattern.app/SingletonPattern";
			};
			name = Debug;
		};
		A9F7B4791CB4E41B0096F79C /* Release */ = {
			isa = XCBuildConfiguration;
			buildSettings = {
				BUNDLE_LOADER = "$(TEST_HOST)";
				INFOPLIST_FILE = SingletonPatternTests/Info.plist;
				LD_RUNPATH_SEARCH_PATHS = "$(inherited) @executable_path/Frameworks @loader_path/Frameworks";
				PRODUCT_BUNDLE_IDENTIFIER = com.Wieye.SingletonPatternTests;
				PRODUCT_NAME = "$(TARGET_NAME)";
				TEST_HOST = "$(BUILT_PRODUCTS_DIR)/SingletonPattern.app/SingletonPattern";
			};
			name = Release;
		};
		A9F7B47B1CB4E41B0096F79C /* Debug */ = {
			isa = XCBuildConfiguration;
			buildSettings = {
				INFOPLIST_FILE = SingletonPatternUITests/Info.plist;
				LD_RUNPATH_SEARCH_PATHS = "$(inherited) @executable_path/Frameworks @loader_path/Frameworks";
				PRODUCT_BUNDLE_IDENTIFIER = com.Wieye.SingletonPatternUITests;
				PRODUCT_NAME = "$(TARGET_NAME)";
				TEST_TARGET_NAME = SingletonPattern;
			};
			name = Debug;
		};
		A9F7B47C1CB4E41B0096F79C /* Release */ = {
			isa = XCBuildConfiguration;
			buildSettings = {
				INFOPLIST_FILE = SingletonPatternUITests/Info.plist;
				LD_RUNPATH_SEARCH_PATHS = "$(inherited) @executable_path/Frameworks @loader_path/Frameworks";
				PRODUCT_BUNDLE_IDENTIFIER = com.Wieye.SingletonPatternUITests;
				PRODUCT_NAME = "$(TARGET_NAME)";
				TEST_TARGET_NAME = SingletonPattern;
			};
			name = Release;
		};
/* End XCBuildConfiguration section */

/* Begin XCConfigurationList section */
		A9F7B4421CB4E41A0096F79C /* Build configuration list for PBXProject "SingletonPattern" */ = {
			isa = XCConfigurationList;
			buildConfigurations = (
				A9F7B4721CB4E41B0096F79C /* Debug */,
				A9F7B4731CB4E41B0096F79C /* Release */,
			);
			defaultConfigurationIsVisible = 0;
			defaultConfigurationName = Release;
		};
		A9F7B4741CB4E41B0096F79C /* Build configuration list for PBXNativeTarget "SingletonPattern" */ = {
			isa = XCConfigurationList;
			buildConfigurations = (
				A9F7B4751CB4E41B0096F79C /* Debug */,
				A9F7B4761CB4E41B0096F79C /* Release */,
			);
			defaultConfigurationIsVisible = 0;
		};
		A9F7B4771CB4E41B0096F79C /* Build configuration list for PBXNativeTarget "SingletonPatternTests" */ = {
			isa = XCConfigurationList;
			buildConfigurations = (
				A9F7B4781CB4E41B0096F79C /* Debug */,
				A9F7B4791CB4E41B0096F79C /* Release */,
			);
			defaultConfigurationIsVisible = 0;
		};
		A9F7B47A1CB4E41B0096F79C /* Build configuration list for PBXNativeTarget "SingletonPatternUITests" */ = {
			isa = XCConfigurationList;
			buildConfigurations = (
				A9F7B47B1CB4E41B0096F79C /* Debug */,
				A9F7B47C1CB4E41B0096F79C /* Release */,
			);
			defaultConfigurationIsVisible = 0;
		};
/* End XCConfigurationList section */
	};
	rootObject = A9F7B43F1CB4E41A0096F79C /* Project object */;
}
